
Microsoft Visual Studio Solution File, Format Version 12.00
# Visual Studio Version 16
VisualStudioVersion = 16.0.30330.147
MinimumVisualStudioVersion = 10.0.40219.1
Project("{9A19103F-16F7-4668-BE54-9A1E7A4F7556}") = "QPH_MAIN.Core", "QPH_MAIN.Core\QPH_MAIN.Core.csproj", "{8F99D548-EEC9-4191-8656-8E6FC51B5E1C}"
EndProject
Project("{9A19103F-16F7-4668-BE54-9A1E7A4F7556}") = "QPH_MAIN.Api", "QPH_MAIN.Api\QPH_MAIN.Api.csproj", "{9D88CC22-FD3F-422E-B373-8E05C368636D}"
EndProject
Project("{9A19103F-16F7-4668-BE54-9A1E7A4F7556}") = "QPH_MAIN.Infrastructure", "QPH_MAIN.Infrastructure\QPH_MAIN.Infrastructure.csproj", "{526326D7-DC51-4CA4-A105-BD69CCD8DF02}"
EndProject
Project("{FAE04EC0-301F-11D3-BF4B-00C04F79EFBC}") = "OrderByExtension", "OrderByExtension\OrderByExtension.csproj", "{E07B96B7-3D7A-4AB4-97FA-F8B68E3EDE61}"
EndProject
Global
	GlobalSection(SolutionConfigurationPlatforms) = preSolution
		Debug|Any CPU = Debug|Any CPU
		Release|Any CPU = Release|Any CPU
	EndGlobalSection
	GlobalSection(ProjectConfigurationPlatforms) = postSolution
		{8F99D548-EEC9-4191-8656-8E6FC51B5E1C}.Debug|Any CPU.ActiveCfg = Debug|Any CPU
		{8F99D548-EEC9-4191-8656-8E6FC51B5E1C}.Debug|Any CPU.Build.0 = Debug|Any CPU
		{8F99D548-EEC9-4191-8656-8E6FC51B5E1C}.Release|Any CPU.ActiveCfg = Release|Any CPU
		{8F99D548-EEC9-4191-8656-8E6FC51B5E1C}.Release|Any CPU.Build.0 = Release|Any CPU
		{9D88CC22-FD3F-422E-B373-8E05C368636D}.Debug|Any CPU.ActiveCfg = Debug|Any CPU
		{9D88CC22-FD3F-422E-B373-8E05C368636D}.Debug|Any CPU.Build.0 = Debug|Any CPU
		{9D88CC22-FD3F-422E-B373-8E05C368636D}.Release|Any CPU.ActiveCfg = Release|Any CPU
		{9D88CC22-FD3F-422E-B373-8E05C368636D}.Release|Any CPU.Build.0 = Release|Any CPU
		{526326D7-DC51-4CA4-A105-BD69CCD8DF02}.Debug|Any CPU.ActiveCfg = Debug|Any CPU
		{526326D7-DC51-4CA4-A105-BD69CCD8DF02}.Debug|Any CPU.Build.0 = Debug|Any CPU
		{526326D7-DC51-4CA4-A105-BD69CCD8DF02}.Release|Any CPU.ActiveCfg = Release|Any CPU
		{526326D7-DC51-4CA4-A105-BD69CCD8DF02}.Release|Any CPU.Build.0 = Release|Any CPU
		{E07B96B7-3D7A-4AB4-97FA-F8B68E3EDE61}.Debug|Any CPU.ActiveCfg = Debug|Any CPU
		{E07B96B7-3D7A-4AB4-97FA-F8B68E3EDE61}.Debug|Any CPU.Build.0 = Debug|Any CPU
		{E07B96B7-3D7A-4AB4-97FA-F8B68E3EDE61}.Release|Any CPU.ActiveCfg = Release|Any CPU
		{E07B96B7-3D7A-4AB4-97FA-F8B68E3EDE61}.Release|Any CPU.Build.0 = Release|Any CPU
	EndGlobalSection
	GlobalSection(SolutionProperties) = preSolution
		HideSolutionNode = FALSE
	EndGlobalSection
	GlobalSection(ExtensibilityGlobals) = postSolution
		SolutionGuid = {9812E8F8-9CD4-4353-84F4-60E498448CCC}
	EndGlobalSection
EndGlobal
